
Microsoft Visual Studio Solution File, Format Version 12.00
# Visual Studio Version 17
VisualStudioVersion = 17.9.34607.119
MinimumVisualStudioVersion = 10.0.40219.1
Project("{FAE04EC0-301F-11D3-BF4B-00C04F79EFBC}") = "DbClasses", "DbClasses\DbClasses.csproj", "{99EEF82A-D515-4387-BCFC-956CB773E75C}"
EndProject
Project("{FAE04EC0-301F-11D3-BF4B-00C04F79EFBC}") = "WebMIS", "WebMIS\WebMIS.csproj", "{75B395BD-9DE0-4BC7-977E-F8C6C0376E0A}"
EndProject
Global
	GlobalSection(SolutionConfigurationPlatforms) = preSolution
		Debug|Any CPU = Debug|Any CPU
		Release|Any CPU = Release|Any CPU
	EndGlobalSection
	GlobalSection(ProjectConfigurationPlatforms) = postSolution
		{99EEF82A-D515-4387-BCFC-956CB773E75C}.Debug|Any CPU.ActiveCfg = Debug|Any CPU
		{99EEF82A-D515-4387-BCFC-956CB773E75C}.Debug|Any CPU.Build.0 = Debug|Any CPU
		{99EEF82A-D515-4387-BCFC-956CB773E75C}.Release|Any CPU.ActiveCfg = Release|Any CPU
		{99EEF82A-D515-4387-BCFC-956CB773E75C}.Release|Any CPU.Build.0 = Release|Any CPU
		{75B395BD-9DE0-4BC7-977E-F8C6C0376E0A}.Debug|Any CPU.ActiveCfg = Debug|Any CPU
		{75B395BD-9DE0-4BC7-977E-F8C6C0376E0A}.Debug|Any CPU.Build.0 = Debug|Any CPU
		{75B395BD-9DE0-4BC7-977E-F8C6C0376E0A}.Release|Any CPU.ActiveCfg = Release|Any CPU
		{75B395BD-9DE0-4BC7-977E-F8C6C0376E0A}.Release|Any CPU.Build.0 = Release|Any CPU
	EndGlobalSection
	GlobalSection(SolutionProperties) = preSolution
		HideSolutionNode = FALSE
	EndGlobalSection
	GlobalSection(ExtensibilityGlobals) = postSolution
		SolutionGuid = {1B988463-932D-468B-B36B-F54D9D470546}
	EndGlobalSection
EndGlobal
