
Microsoft Visual Studio Solution File, Format Version 12.00
# Visual Studio Version 17
VisualStudioVersion = 17.5.33424.131
MinimumVisualStudioVersion = 10.0.40219.1
Project("{9A19103F-16F7-4668-BE54-9A1E7A4F7556}") = "KeeperProSecurityTerminal", "KeeperProSecurityTerminal.csproj", "{374E8BE1-B74C-4D4A-9D4A-931E59088FD9}"
EndProject
Global
	GlobalSection(SolutionConfigurationPlatforms) = preSolution
		Debug|Any CPU = Debug|Any CPU
		Release|Any CPU = Release|Any CPU
	EndGlobalSection
	GlobalSection(ProjectConfigurationPlatforms) = postSolution
		{374E8BE1-B74C-4D4A-9D4A-931E59088FD9}.Debug|Any CPU.ActiveCfg = Debug|Any CPU
		{374E8BE1-B74C-4D4A-9D4A-931E59088FD9}.Debug|Any CPU.Build.0 = Debug|Any CPU
		{374E8BE1-B74C-4D4A-9D4A-931E59088FD9}.Release|Any CPU.ActiveCfg = Release|Any CPU
		{374E8BE1-B74C-4D4A-9D4A-931E59088FD9}.Release|Any CPU.Build.0 = Release|Any CPU
	EndGlobalSection
	GlobalSection(SolutionProperties) = preSolution
		HideSolutionNode = FALSE
	EndGlobalSection
	GlobalSection(ExtensibilityGlobals) = postSolution
		SolutionGuid = {6070CA1A-1268-430E-B595-A1D09DE9B4A6}
	EndGlobalSection
EndGlobal
