
Microsoft Visual Studio Solution File, Format Version 12.00
# Visual Studio Version 17
VisualStudioVersion = 17.5.33424.131
MinimumVisualStudioVersion = 10.0.40219.1
Project("{FAE04EC0-301F-11D3-BF4B-00C04F79EFBC}") = "KeeperProSecurityTerminal", "KeeperProSecurityTerminal\KeeperProSecurityTerminal.csproj", "{4987FD0B-DFB2-44B4-BA8D-FBBFB37661F1}"
EndProject
Global
	GlobalSection(SolutionConfigurationPlatforms) = preSolution
		Debug|Any CPU = Debug|Any CPU
		Release|Any CPU = Release|Any CPU
	EndGlobalSection
	GlobalSection(ProjectConfigurationPlatforms) = postSolution
		{4987FD0B-DFB2-44B4-BA8D-FBBFB37661F1}.Debug|Any CPU.ActiveCfg = Debug|Any CPU
		{4987FD0B-DFB2-44B4-BA8D-FBBFB37661F1}.Debug|Any CPU.Build.0 = Debug|Any CPU
		{4987FD0B-DFB2-44B4-BA8D-FBBFB37661F1}.Release|Any CPU.ActiveCfg = Release|Any CPU
		{4987FD0B-DFB2-44B4-BA8D-FBBFB37661F1}.Release|Any CPU.Build.0 = Release|Any CPU
	EndGlobalSection
	GlobalSection(SolutionProperties) = preSolution
		HideSolutionNode = FALSE
	EndGlobalSection
	GlobalSection(ExtensibilityGlobals) = postSolution
		SolutionGuid = {841F6F70-AC7E-4596-ADBE-45BC37189D29}
	EndGlobalSection
EndGlobal
